
Microsoft Visual Studio Solution File, Format Version 12.00
# Visual Studio Version 17
VisualStudioVersion = 17.14.36811.4 d17.14
MinimumVisualStudioVersion = 10.0.40219.1
Project("{FAE04EC0-301F-11D3-BF4B-00C04F79EFBC}") = "WinFormsApp1", "WinFormsApp1.csproj", "{CE860D64-B1A3-4991-97C2-635F61543463}"
EndProject
Global
	GlobalSection(SolutionConfigurationPlatforms) = preSolution
		Debug|Any CPU = Debug|Any CPU
		Release|Any CPU = Release|Any CPU
	EndGlobalSection
	GlobalSection(ProjectConfigurationPlatforms) = postSolution
		{CE860D64-B1A3-4991-97C2-635F61543463}.Debug|Any CPU.ActiveCfg = Debug|Any CPU
		{CE860D64-B1A3-4991-97C2-635F61543463}.Debug|Any CPU.Build.0 = Debug|Any CPU
		{CE860D64-B1A3-4991-97C2-635F61543463}.Release|Any CPU.ActiveCfg = Release|Any CPU
		{CE860D64-B1A3-4991-97C2-635F61543463}.Release|Any CPU.Build.0 = Release|Any CPU
	EndGlobalSection
	GlobalSection(SolutionProperties) = preSolution
		HideSolutionNode = FALSE
	EndGlobalSection
	GlobalSection(ExtensibilityGlobals) = postSolution
		SolutionGuid = {6AAE5791-45AF-4254-9F33-3FE27719F2B0}
	EndGlobalSection
EndGlobal
